<?xml version="1.0" encoding="utf-8"?>
<Project ToolsVersion="4.0" xmlns="http://schemas.microsoft.com/developer/msbuild/2003">
  <ItemGroup>
    <Filter Include="소스 파일">
      <UniqueIdentifier>{4FC737F1-C7A5-4376-A066-2A32D752A2FF}</UniqueIdentifier>
      <Extensions>cpp;c;cc;cxx;c++;def;odl;idl;hpj;bat;asm;asmx</Extensions>
    </Filter>
    <Filter Include="헤더 파일">
      <UniqueIdentifier>{93995380-89BD-4b04-88EB-625FBE52EBFB}</UniqueIdentifier>
      <Extensions>h;hh;hpp;hxx;h++;hm;inl;inc;ipp;xsd</Extensions>
    </Filter>
    <Filter Include="리소스 파일">
      <UniqueIdentifier>{67DA6AB6-F800-4c08-8B7A-83BB121AAD01}</UniqueIdentifier>
      <Extensions>rc;ico;cur;bmp;dlg;rc2;rct;bin;rgs;gif;jpg;jpeg;jpe;resx;tiff;tif;png;wav;mfcribbon-ms</Extensions>
    </Filter>
    <Filter Include="소스 파일\Engine">
      <UniqueIdentifier>{29f56ca0-0097-48d6-a328-c5e073ce6f6c}</UniqueIdentifier>
    </Filter>
    <Filter Include="헤더 파일\Engine">
      <UniqueIdentifier>{dc48538a-809c-4660-928a-843d3a5c4a24}</UniqueIdentifier>
    </Filter>
    <Filter Include="소스 파일\Engine\Core">
      <UniqueIdentifier>{47d19701-c05c-428b-b9f4-3a8c922b79d0}</UniqueIdentifier>
    </Filter>
    <Filter Include="소스 파일\Engine\Object">
      <UniqueIdentifier>{14177a0b-3168-4df0-b938-0a16d886b967}</UniqueIdentifier>
    </Filter>
    <Filter Include="소스 파일\Engine\Manager">
      <UniqueIdentifier>{1fae1cad-db6c-4eaf-9acc-c76fbd63f92b}</UniqueIdentifier>
    </Filter>
    <Filter Include="헤더 파일\Engine\Core">
      <UniqueIdentifier>{e204c744-4c38-4d2d-b183-a3894b60b790}</UniqueIdentifier>
    </Filter>
    <Filter Include="헤더 파일\Engine\Object">
      <UniqueIdentifier>{73c05ee6-baf2-4c79-af8c-96de3fedff9f}</UniqueIdentifier>
    </Filter>
    <Filter Include="헤더 파일\Engine\Manager">
      <UniqueIdentifier>{ea550162-1d92-4fd1-87e2-6ef0cb0e102e}</UniqueIdentifier>
    </Filter>
    <Filter Include="헤더 파일\Main">
      <UniqueIdentifier>{df61b493-f41b-44c3-bf89-811a4281dfe2}</UniqueIdentifier>
    </Filter>
    <Filter Include="소스 파일\Main">
      <UniqueIdentifier>{bbd7070f-0ed4-4a99-a272-b309a01a24af}</UniqueIdentifier>
    </Filter>
    <Filter Include="소스 파일\Main\MainScene">
      <UniqueIdentifier>{f821945f-f273-4f13-a028-a5519c017c77}</UniqueIdentifier>
    </Filter>
    <Filter Include="헤더 파일\Main\MainScene">
      <UniqueIdentifier>{ab031ca1-e84a-4e43-8203-23649963c08c}</UniqueIdentifier>
    </Filter>
    <Filter Include="소스 파일\SeiKou">
      <UniqueIdentifier>{554a605d-91c8-46f0-aa8f-e3bbd495700e}</UniqueIdentifier>
    </Filter>
    <Filter Include="헤더 파일\SeiKou">
      <UniqueIdentifier>{7ddf8b29-bbef-4417-8d8d-b5febfc8aadf}</UniqueIdentifier>
    </Filter>
    <Filter Include="소스 파일\Stage">
      <UniqueIdentifier>{b83384c5-1aeb-4c09-a3fd-e7b38e7a3c56}</UniqueIdentifier>
    </Filter>
    <Filter Include="헤더 파일\Stage">
      <UniqueIdentifier>{42829058-3427-41f5-85ab-427ec179930a}</UniqueIdentifier>
    </Filter>
    <Filter Include="소스 파일\InGameObject">
      <UniqueIdentifier>{db3a5e02-a913-4edb-8dd5-926848e98725}</UniqueIdentifier>
    </Filter>
    <Filter Include="헤더 파일\InGameObject">
      <UniqueIdentifier>{68d17c2b-cbc5-439d-a578-d21a410eae2a}</UniqueIdentifier>
    </Filter>
    <Filter Include="소스 파일\Class">
      <UniqueIdentifier>{cea1ceb2-870b-453b-8e86-9202089202f7}</UniqueIdentifier>
    </Filter>
    <Filter Include="헤더 파일\Class">
      <UniqueIdentifier>{e2545baf-72ac-4ad7-8ede-127797aee1df}</UniqueIdentifier>
    </Filter>
  </ItemGroup>
  <ItemGroup>
    <ClCompile Include="main.cpp">
      <Filter>소스 파일</Filter>
    </ClCompile>
    <ClCompile Include="stdafx.cpp">
      <Filter>소스 파일</Filter>
    </ClCompile>
    <ClCompile Include="InputManager.cpp">
      <Filter>소스 파일\Engine\Manager</Filter>
    </ClCompile>
    <ClCompile Include="SceneManager.cpp">
      <Filter>소스 파일\Engine\Manager</Filter>
    </ClCompile>
    <ClCompile Include="SoundManager.cpp">
      <Filter>소스 파일\Engine\Manager</Filter>
    </ClCompile>
    <ClCompile Include="TextureManager.cpp">
      <Filter>소스 파일\Engine\Manager</Filter>
    </ClCompile>
    <ClCompile Include="Application.cpp">
      <Filter>소스 파일\Engine\Core</Filter>
    </ClCompile>
    <ClCompile Include="Console.cpp">
      <Filter>소스 파일\Engine\Core</Filter>
    </ClCompile>
    <ClCompile Include="Object.cpp">
      <Filter>소스 파일\Engine\Core</Filter>
    </ClCompile>
    <ClCompile Include="Animation.cpp">
      <Filter>소스 파일\Engine\Object</Filter>
    </ClCompile>
    <ClCompile Include="Font.cpp">
      <Filter>소스 파일\Engine\Object</Filter>
    </ClCompile>
    <ClCompile Include="Scene.cpp">
      <Filter>소스 파일\Engine\Object</Filter>
    </ClCompile>
    <ClCompile Include="Sprite.cpp">
      <Filter>소스 파일\Engine\Object</Filter>
    </ClCompile>
    <ClCompile Include="MainScene.cpp">
      <Filter>소스 파일\Main\MainScene</Filter>
    </ClCompile>
    <ClCompile Include="skTest_Scene.cpp">
      <Filter>소스 파일\SeiKou</Filter>
    </ClCompile>
    <ClCompile Include="Button.cpp">
      <Filter>소스 파일\InGameObject</Filter>
    </ClCompile>
    <ClCompile Include="BaseScene.cpp">
      <Filter>소스 파일\Stage</Filter>
    </ClCompile>
    <ClCompile Include="ButtonFunction.cpp">
      <Filter>소스 파일\InGameObject</Filter>
    </ClCompile>
    <ClCompile Include="BFChangeScene.cpp">
      <Filter>소스 파일\InGameObject</Filter>
    </ClCompile>
    <ClCompile Include="BFAdDelSprite.cpp">
      <Filter>소스 파일\InGameObject</Filter>
    </ClCompile>
    <ClCompile Include="SubScene.cpp">
      <Filter>소스 파일\Stage</Filter>
    </ClCompile>
    <ClCompile Include="Bomb.cpp">
      <Filter>소스 파일\Class</Filter>
    </ClCompile>
    <ClCompile Include="Boost.cpp">
      <Filter>소스 파일\Class</Filter>
    </ClCompile>
    <ClCompile Include="Cell.cpp">
      <Filter>소스 파일\Class</Filter>
    </ClCompile>
    <ClCompile Include="Glue.cpp">
      <Filter>소스 파일\Class</Filter>
    </ClCompile>
    <ClCompile Include="Hole.cpp">
      <Filter>소스 파일\Class</Filter>
    </ClCompile>
    <ClCompile Include="Item.cpp">
      <Filter>소스 파일\Class</Filter>
    </ClCompile>
    <ClCompile Include="Jump.cpp">
      <Filter>소스 파일\Class</Filter>
    </ClCompile>
    <ClCompile Include="Key.cpp">
      <Filter>소스 파일\Class</Filter>
    </ClCompile>
    <ClCompile Include="Manager.cpp">
      <Filter>소스 파일\Class</Filter>
    </ClCompile>
    <ClCompile Include="None.cpp">
      <Filter>소스 파일\Class</Filter>
    </ClCompile>
    <ClCompile Include="Space.cpp">
      <Filter>소스 파일\Class</Filter>
    </ClCompile>
    <ClCompile Include="Topography.cpp">
      <Filter>소스 파일\Class</Filter>
    </ClCompile>
    <ClCompile Include="User.cpp">
      <Filter>소스 파일\Class</Filter>
    </ClCompile>
    <ClCompile Include="Wall.cpp">
      <Filter>소스 파일\Class</Filter>
    </ClCompile>
    <ClCompile Include="JS_main.cpp">
      <Filter>소스 파일\Class</Filter>
    </ClCompile>
    <ClCompile Include="StageScene.cpp">
      <Filter>소스 파일\Stage</Filter>
    </ClCompile>
    <ClCompile Include="StartScene.cpp">
      <Filter>소스 파일\Main</Filter>
    </ClCompile>
  </ItemGroup>
  <ItemGroup>
    <ClInclude Include="stdafx.h">
      <Filter>헤더 파일</Filter>
    </ClInclude>
    <ClInclude Include="InputManager.h">
      <Filter>헤더 파일\Engine\Manager</Filter>
    </ClInclude>
    <ClInclude Include="SceneManager.h">
      <Filter>헤더 파일\Engine\Manager</Filter>
    </ClInclude>
    <ClInclude Include="SoundManager.h">
      <Filter>헤더 파일\Engine\Manager</Filter>
    </ClInclude>
    <ClInclude Include="TextureManager.h">
      <Filter>헤더 파일\Engine\Manager</Filter>
    </ClInclude>
    <ClInclude Include="Animation.h">
      <Filter>헤더 파일\Engine\Object</Filter>
    </ClInclude>
    <ClInclude Include="Font.h">
      <Filter>헤더 파일\Engine\Object</Filter>
    </ClInclude>
    <ClInclude Include="Scene.h">
      <Filter>헤더 파일\Engine\Object</Filter>
    </ClInclude>
    <ClInclude Include="Sprite.h">
      <Filter>헤더 파일\Engine\Object</Filter>
    </ClInclude>
    <ClInclude Include="Application.h">
      <Filter>헤더 파일\Engine\Core</Filter>
    </ClInclude>
    <ClInclude Include="Console.h">
      <Filter>헤더 파일\Engine\Core</Filter>
    </ClInclude>
    <ClInclude Include="Object.h">
      <Filter>헤더 파일\Engine\Core</Filter>
    </ClInclude>
    <ClInclude Include="MainScene.h">
      <Filter>헤더 파일\Main\MainScene</Filter>
    </ClInclude>
    <ClInclude Include="skTest_Scene.h">
      <Filter>헤더 파일\SeiKou</Filter>
    </ClInclude>
    <ClInclude Include="Button.h">
      <Filter>헤더 파일\InGameObject</Filter>
    </ClInclude>
    <ClInclude Include="BaseScene.h">
      <Filter>헤더 파일\Stage</Filter>
    </ClInclude>
    <ClInclude Include="ButtonFunction.h">
      <Filter>헤더 파일\InGameObject</Filter>
    </ClInclude>
    <ClInclude Include="BFChangeScene.h">
      <Filter>헤더 파일\InGameObject</Filter>
    </ClInclude>
    <ClInclude Include="BFAdDelSprite.h">
      <Filter>헤더 파일\InGameObject</Filter>
    </ClInclude>
    <ClInclude Include="SubScene.h">
      <Filter>헤더 파일\Stage</Filter>
    </ClInclude>
    <ClInclude Include="Bomb.h">
      <Filter>헤더 파일\Class</Filter>
    </ClInclude>
    <ClInclude Include="Boost.h">
      <Filter>헤더 파일\Class</Filter>
    </ClInclude>
    <ClInclude Include="Cell.h">
      <Filter>헤더 파일\Class</Filter>
    </ClInclude>
    <ClInclude Include="Const.h">
      <Filter>헤더 파일\Class</Filter>
    </ClInclude>
    <ClInclude Include="Glue.h">
      <Filter>헤더 파일\Class</Filter>
    </ClInclude>
    <ClInclude Include="Hole.h">
      <Filter>헤더 파일\Class</Filter>
    </ClInclude>
    <ClInclude Include="Item.h">
      <Filter>헤더 파일\Class</Filter>
    </ClInclude>
    <ClInclude Include="Jump.h">
      <Filter>헤더 파일\Class</Filter>
    </ClInclude>
    <ClInclude Include="Key.h">
      <Filter>헤더 파일\Class</Filter>
    </ClInclude>
    <ClInclude Include="Manager.h">
      <Filter>헤더 파일\Class</Filter>
    </ClInclude>
    <ClInclude Include="None.h">
      <Filter>헤더 파일\Class</Filter>
    </ClInclude>
    <ClInclude Include="Space.h">
      <Filter>헤더 파일\Class</Filter>
    </ClInclude>
    <ClInclude Include="Topography.h">
      <Filter>헤더 파일\Class</Filter>
    </ClInclude>
    <ClInclude Include="User.h">
      <Filter>헤더 파일\Class</Filter>
    </ClInclude>
    <ClInclude Include="Wall.h">
      <Filter>헤더 파일\Class</Filter>
    </ClInclude>
    <ClInclude Include="StageScene.h">
      <Filter>헤더 파일\Stage</Filter>
    </ClInclude>
    <ClInclude Include="StartScene.h">
      <Filter>헤더 파일\Main</Filter>
    </ClInclude>
  </ItemGroup>
  <ItemGroup>
    <Text Include="stage1.txt">
      <Filter>리소스 파일</Filter>
    </Text>
  </ItemGroup>
</Project>